// !$*UTF8*$!
{
	archiveVersion = 1;
	classes = {
	};
	objectVersion = 53;
	objects = {

/* Begin PBXBuildFile section */
		FAE45C952AF1757500F96F85 /* TastsListModel.swift in Sources */ = {isa = PBXBuildFile; fileRef = FAE45C942AF1757500F96F85 /* TastsListModel.swift */; };
		FAE45C982AF1759E00F96F85 /* ListsModel.swift in Sources */ = {isa = PBXBuildFile; fileRef = FAE45C972AF1759E00F96F85 /* ListsModel.swift */; };
		FAEDAEE92AF12226005AC93D /* AppDelegate.swift in Sources */ = {isa = PBXBuildFile; fileRef = FAEDAEE82AF12226005AC93D /* AppDelegate.swift */; };
		FAEDAEEB2AF12226005AC93D /* SceneDelegate.swift in Sources */ = {isa = PBXBuildFile; fileRef = FAEDAEEA2AF12226005AC93D /* SceneDelegate.swift */; };
		FAEDAEF02AF12226005AC93D /* Main.storyboard in Resources */ = {isa = PBXBuildFile; fileRef = FAEDAEEE2AF12226005AC93D /* Main.storyboard */; };
		FAEDAEF22AF12228005AC93D /* Assets.xcassets in Resources */ = {isa = PBXBuildFile; fileRef = FAEDAEF12AF12228005AC93D /* Assets.xcassets */; };
		FAEDAEF52AF12228005AC93D /* LaunchScreen.storyboard in Resources */ = {isa = PBXBuildFile; fileRef = FAEDAEF32AF12228005AC93D /* LaunchScreen.storyboard */; };
		FAEDAF032AF170EB005AC93D /* TasksListTVC.swift in Sources */ = {isa = PBXBuildFile; fileRef = FAEDAF022AF170EB005AC93D /* TasksListTVC.swift */; };
		FAEDAF052AF17107005AC93D /* TasksTVC.swift in Sources */ = {isa = PBXBuildFile; fileRef = FAEDAF042AF17107005AC93D /* TasksTVC.swift */; };
/* End PBXBuildFile section */

/* Begin PBXFileReference section */
		FAE45C942AF1757500F96F85 /* TastsListModel.swift */ = {isa = PBXFileReference; lastKnownFileType = sourcecode.swift; path = TastsListModel.swift; sourceTree = "<group>"; };
		FAE45C972AF1759E00F96F85 /* ListsModel.swift */ = {isa = PBXFileReference; lastKnownFileType = sourcecode.swift; path = ListsModel.swift; sourceTree = "<group>"; };
		FAEDAEE52AF12226005AC93D /* Realm.app */ = {isa = PBXFileReference; explicitFileType = wrapper.application; includeInIndex = 0; path = Realm.app; sourceTree = BUILT_PRODUCTS_DIR; };
		FAEDAEE82AF12226005AC93D /* AppDelegate.swift */ = {isa = PBXFileReference; lastKnownFileType = sourcecode.swift; path = AppDelegate.swift; sourceTree = "<group>"; };
		FAEDAEEA2AF12226005AC93D /* SceneDelegate.swift */ = {isa = PBXFileReference; lastKnownFileType = sourcecode.swift; path = SceneDelegate.swift; sourceTree = "<group>"; };
		FAEDAEEF2AF12226005AC93D /* Base */ = {isa = PBXFileReference; lastKnownFileType = file.storyboard; name = Base; path = Base.lproj/Main.storyboard; sourceTree = "<group>"; };
		FAEDAEF12AF12228005AC93D /* Assets.xcassets */ = {isa = PBXFileReference; lastKnownFileType = folder.assetcatalog; path = Assets.xcassets; sourceTree = "<group>"; };
		FAEDAEF42AF12228005AC93D /* Base */ = {isa = PBXFileReference; lastKnownFileType = file.storyboard; name = Base; path = Base.lproj/LaunchScreen.storyboard; sourceTree = "<group>"; };
		FAEDAEF62AF12228005AC93D /* Info.plist */ = {isa = PBXFileReference; lastKnownFileType = text.plist.xml; path = Info.plist; sourceTree = "<group>"; };
		FAEDAF022AF170EB005AC93D /* TasksListTVC.swift */ = {isa = PBXFileReference; lastKnownFileType = sourcecode.swift; path = TasksListTVC.swift; sourceTree = "<group>"; };
		FAEDAF042AF17107005AC93D /* TasksTVC.swift */ = {isa = PBXFileReference; lastKnownFileType = sourcecode.swift; path = TasksTVC.swift; sourceTree = "<group>"; };
/* End PBXFileReference section */

/* Begin PBXFrameworksBuildPhase section */
		FAEDAEE22AF12226005AC93D /* Frameworks */ = {
			isa = PBXFrameworksBuildPhase;
			buildActionMask = 2147483647;
			files = (
			);
			runOnlyForDeploymentPostprocessing = 0;
		};
/* End PBXFrameworksBuildPhase section */

/* Begin PBXGroup section */
		FAE45C962AF1757E00F96F85 /* Models */ = {
			isa = PBXGroup;
			children = (
				FAE45C942AF1757500F96F85 /* TastsListModel.swift */,
				FAE45C972AF1759E00F96F85 /* ListsModel.swift */,
			);
			path = Models;
			sourceTree = "<group>";
		};
		FAE45C9D2AF1B3D600F96F85 /* Extentions */ = {
			isa = PBXGroup;
			children = (
			);
			path = Extentions;
			sourceTree = "<group>";
		};
		FAEDAEDC2AF12225005AC93D = {
			isa = PBXGroup;
			children = (
				FAEDAEE72AF12226005AC93D /* Realm */,
				FAEDAEE62AF12226005AC93D /* Products */,
			);
			sourceTree = "<group>";
			usesTabs = 0;
		};
		FAEDAEE62AF12226005AC93D /* Products */ = {
			isa = PBXGroup;
			children = (
				FAEDAEE52AF12226005AC93D /* Realm.app */,
			);
			name = Products;
			sourceTree = "<group>";
		};
		FAEDAEE72AF12226005AC93D /* Realm */ = {
			isa = PBXGroup;
			children = (
				FAE45C962AF1757E00F96F85 /* Models */,
				FAEDAEFE2AF122CE005AC93D /* Views */,
				FAEDAEFD2AF122BC005AC93D /* Controllers */,
				FAE45C9D2AF1B3D600F96F85 /* Extentions */,
				FAEDAEFC2AF122B2005AC93D /* App */,
				FAEDAEF62AF12228005AC93D /* Info.plist */,
				FAEDAEF12AF12228005AC93D /* Assets.xcassets */,
			);
			path = Realm;
			sourceTree = "<group>";
		};
		FAEDAEFC2AF122B2005AC93D /* App */ = {
			isa = PBXGroup;
			children = (
				FAEDAEE82AF12226005AC93D /* AppDelegate.swift */,
				FAEDAEEA2AF12226005AC93D /* SceneDelegate.swift */,
			);
			path = App;
			sourceTree = "<group>";
		};
		FAEDAEFD2AF122BC005AC93D /* Controllers */ = {
			isa = PBXGroup;
			children = (
				FAEDAF022AF170EB005AC93D /* TasksListTVC.swift */,
				FAEDAF042AF17107005AC93D /* TasksTVC.swift */,
			);
			path = Controllers;
			sourceTree = "<group>";
		};
		FAEDAEFE2AF122CE005AC93D /* Views */ = {
			isa = PBXGroup;
			children = (
				FAEDAEEE2AF12226005AC93D /* Main.storyboard */,
				FAEDAEF32AF12228005AC93D /* LaunchScreen.storyboard */,
			);
			path = Views;
			sourceTree = "<group>";
		};
/* End PBXGroup section */

/* Begin PBXNativeTarget section */
		FAEDAEE42AF12226005AC93D /* Realm */ = {
			isa = PBXNativeTarget;
			buildConfigurationList = FAEDAEF92AF12228005AC93D /* Build configuration list for PBXNativeTarget "Realm" */;
			buildPhases = (
				FAEDAEE12AF12226005AC93D /* Sources */,
				FAEDAEE22AF12226005AC93D /* Frameworks */,
				FAEDAEE32AF12226005AC93D /* Resources */,
			);
			buildRules = (
			);
			dependencies = (
			);
			name = Realm;
			productName = Realm;
			productReference = FAEDAEE52AF12226005AC93D /* Realm.app */;
			productType = "com.apple.product-type.application";
		};
/* End PBXNativeTarget section */

/* Begin PBXProject section */
		FAEDAEDD2AF12225005AC93D /* Project object */ = {
			isa = PBXProject;
			attributes = {
				BuildIndependentTargetsInParallel = 1;
				LastSwiftUpdateCheck = 1340;
				LastUpgradeCheck = 1340;
				TargetAttributes = {
					FAEDAEE42AF12226005AC93D = {
						CreatedOnToolsVersion = 13.4.1;
					};
				};
			};
			buildConfigurationList = FAEDAEE02AF12225005AC93D /* Build configuration list for PBXProject "Realm" */;
			compatibilityVersion = "Xcode 11.0";
			developmentRegion = en;
			hasScannedForEncodings = 0;
			knownRegions = (
				en,
				Base,
			);
			mainGroup = FAEDAEDC2AF12225005AC93D;
			packageReferences = (
				FAE45C9B2AF1B26E00F96F85 /* XCRemoteSwiftPackageReference "realm-swift" */,
			);
			productRefGroup = FAEDAEE62AF12226005AC93D /* Products */;
			projectDirPath = "";
			projectRoot = "";
			targets = (
				FAEDAEE42AF12226005AC93D /* Realm */,
			);
		};
/* End PBXProject section */

/* Begin PBXResourcesBuildPhase section */
		FAEDAEE32AF12226005AC93D /* Resources */ = {
			isa = PBXResourcesBuildPhase;
			buildActionMask = 2147483647;
			files = (
				FAEDAEF52AF12228005AC93D /* LaunchScreen.storyboard in Resources */,
				FAEDAEF22AF12228005AC93D /* Assets.xcassets in Resources */,
				FAEDAEF02AF12226005AC93D /* Main.storyboard in Resources */,
			);
			runOnlyForDeploymentPostprocessing = 0;
		};
/* End PBXResourcesBuildPhase section */

/* Begin PBXSourcesBuildPhase section */
		FAEDAEE12AF12226005AC93D /* Sources */ = {
			isa = PBXSourcesBuildPhase;
			buildActionMask = 2147483647;
			files = (
				FAEDAF032AF170EB005AC93D /* TasksListTVC.swift in Sources */,
				FAEDAEE92AF12226005AC93D /* AppDelegate.swift in Sources */,
				FAEDAF052AF17107005AC93D /* TasksTVC.swift in Sources */,
				FAE45C952AF1757500F96F85 /* TastsListModel.swift in Sources */,
				FAEDAEEB2AF12226005AC93D /* SceneDelegate.swift in Sources */,
				FAE45C982AF1759E00F96F85 /* ListsModel.swift in Sources */,
			);
			runOnlyForDeploymentPostprocessing = 0;
		};
/* End PBXSourcesBuildPhase section */

/* Begin PBXVariantGroup section */
		FAEDAEEE2AF12226005AC93D /* Main.storyboard */ = {
			isa = PBXVariantGroup;
			children = (
				FAEDAEEF2AF12226005AC93D /* Base */,
			);
			name = Main.storyboard;
			sourceTree = "<group>";
		};
		FAEDAEF32AF12228005AC93D /* LaunchScreen.storyboard */ = {
			isa = PBXVariantGroup;
			children = (
				FAEDAEF42AF12228005AC93D /* Base */,
			);
			name = LaunchScreen.storyboard;
			sourceTree = "<group>";
		};
/* End PBXVariantGroup section */

/* Begin XCBuildConfiguration section */
		FAEDAEF72AF12228005AC93D /* Debug */ = {
			isa = XCBuildConfiguration;
			buildSettings = {
				ALWAYS_SEARCH_USER_PATHS = NO;
				CLANG_ANALYZER_NONNULL = YES;
				CLANG_ANALYZER_NUMBER_OBJECT_CONVERSION = YES_AGGRESSIVE;
				CLANG_CXX_LANGUAGE_STANDARD = "gnu++17";
				CLANG_ENABLE_MODULES = YES;
				CLANG_ENABLE_OBJC_ARC = YES;
				CLANG_ENABLE_OBJC_WEAK = YES;
				CLANG_WARN_BLOCK_CAPTURE_AUTORELEASING = YES;
				CLANG_WARN_BOOL_CONVERSION = YES;
				CLANG_WARN_COMMA = YES;
				CLANG_WARN_CONSTANT_CONVERSION = YES;
				CLANG_WARN_DEPRECATED_OBJC_IMPLEMENTATIONS = YES;
				CLANG_WARN_DIRECT_OBJC_ISA_USAGE = YES_ERROR;
				CLANG_WARN_DOCUMENTATION_COMMENTS = YES;
				CLANG_WARN_EMPTY_BODY = YES;
				CLANG_WARN_ENUM_CONVERSION = YES;
				CLANG_WARN_INFINITE_RECURSION = YES;
				CLANG_WARN_INT_CONVERSION = YES;
				CLANG_WARN_NON_LITERAL_NULL_CONVERSION = YES;
				CLANG_WARN_OBJC_IMPLICIT_RETAIN_SELF = YES;
				CLANG_WARN_OBJC_LITERAL_CONVERSION = YES;
				CLANG_WARN_OBJC_ROOT_CLASS = YES_ERROR;
				CLANG_WARN_QUOTED_INCLUDE_IN_FRAMEWORK_HEADER = YES;
				CLANG_WARN_RANGE_LOOP_ANALYSIS = YES;
				CLANG_WARN_STRICT_PROTOTYPES = YES;
				CLANG_WARN_SUSPICIOUS_MOVE = YES;
				CLANG_WARN_UNGUARDED_AVAILABILITY = YES_AGGRESSIVE;
				CLANG_WARN_UNREACHABLE_CODE = YES;
				CLANG_WARN__DUPLICATE_METHOD_MATCH = YES;
				COPY_PHASE_STRIP = NO;
				DEBUG_INFORMATION_FORMAT = dwarf;
				ENABLE_STRICT_OBJC_MSGSEND = YES;
				ENABLE_TESTABILITY = YES;
				GCC_C_LANGUAGE_STANDARD = gnu11;
				GCC_DYNAMIC_NO_PIC = NO;
				GCC_NO_COMMON_BLOCKS = YES;
				GCC_OPTIMIZATION_LEVEL = 0;
				GCC_PREPROCESSOR_DEFINITIONS = (
					"DEBUG=1",
					"$(inherited)",
				);
				GCC_WARN_64_TO_32_BIT_CONVERSION = YES;
				GCC_WARN_ABOUT_RETURN_TYPE = YES_ERROR;
				GCC_WARN_UNDECLARED_SELECTOR = YES;
				GCC_WARN_UNINITIALIZED_AUTOS = YES_AGGRESSIVE;
				GCC_WARN_UNUSED_FUNCTION = YES;
				GCC_WARN_UNUSED_VARIABLE = YES;
				IPHONEOS_DEPLOYMENT_TARGET = 14.0;
				MTL_ENABLE_DEBUG_INFO = INCLUDE_SOURCE;
				MTL_FAST_MATH = YES;
				ONLY_ACTIVE_ARCH = YES;
				SDKROOT = iphoneos;
				SWIFT_ACTIVE_COMPILATION_CONDITIONS = DEBUG;
				SWIFT_OPTIMIZATION_LEVEL = "-Onone";
				SWIFT_VERSION = 4.0;
			};
			name = Debug;
		};
		FAEDAEF82AF12228005AC93D /* Release */ = {
			isa = XCBuildConfiguration;
			buildSettings = {
				ALWAYS_SEARCH_USER_PATHS = NO;
				CLANG_ANALYZER_NONNULL = YES;
				CLANG_ANALYZER_NUMBER_OBJECT_CONVERSION = YES_AGGRESSIVE;
				CLANG_CXX_LANGUAGE_STANDARD = "gnu++17";
				CLANG_ENABLE_MODULES = YES;
				CLANG_ENABLE_OBJC_ARC = YES;
				CLANG_ENABLE_OBJC_WEAK = YES;
				CLANG_WARN_BLOCK_CAPTURE_AUTORELEASING = YES;
				CLANG_WARN_BOOL_CONVERSION = YES;
				CLANG_WARN_COMMA = YES;
				CLANG_WARN_CONSTANT_CONVERSION = YES;
				CLANG_WARN_DEPRECATED_OBJC_IMPLEMENTATIONS = YES;
				CLANG_WARN_DIRECT_OBJC_ISA_USAGE = YES_ERROR;
				CLANG_WARN_DOCUMENTATION_COMMENTS = YES;
				CLANG_WARN_EMPTY_BODY = YES;
				CLANG_WARN_ENUM_CONVERSION = YES;
				CLANG_WARN_INFINITE_RECURSION = YES;
				CLANG_WARN_INT_CONVERSION = YES;
				CLANG_WARN_NON_LITERAL_NULL_CONVERSION = YES;
				CLANG_WARN_OBJC_IMPLICIT_RETAIN_SELF = YES;
				CLANG_WARN_OBJC_LITERAL_CONVERSION = YES;
				CLANG_WARN_OBJC_ROOT_CLASS = YES_ERROR;
				CLANG_WARN_QUOTED_INCLUDE_IN_FRAMEWORK_HEADER = YES;
				CLANG_WARN_RANGE_LOOP_ANALYSIS = YES;
				CLANG_WARN_STRICT_PROTOTYPES = YES;
				CLANG_WARN_SUSPICIOUS_MOVE = YES;
				CLANG_WARN_UNGUARDED_AVAILABILITY = YES_AGGRESSIVE;
				CLANG_WARN_UNREACHABLE_CODE = YES;
				CLANG_WARN__DUPLICATE_METHOD_MATCH = YES;
				COPY_PHASE_STRIP = NO;
				DEBUG_INFORMATION_FORMAT = "dwarf-with-dsym";
				ENABLE_NS_ASSERTIONS = NO;
				ENABLE_STRICT_OBJC_MSGSEND = YES;
				GCC_C_LANGUAGE_STANDARD = gnu11;
				GCC_NO_COMMON_BLOCKS = YES;
				GCC_WARN_64_TO_32_BIT_CONVERSION = YES;
				GCC_WARN_ABOUT_RETURN_TYPE = YES_ERROR;
				GCC_WARN_UNDECLARED_SELECTOR = YES;
				GCC_WARN_UNINITIALIZED_AUTOS = YES_AGGRESSIVE;
				GCC_WARN_UNUSED_FUNCTION = YES;
				GCC_WARN_UNUSED_VARIABLE = YES;
				IPHONEOS_DEPLOYMENT_TARGET = 14.0;
				MTL_ENABLE_DEBUG_INFO = NO;
				MTL_FAST_MATH = YES;
				SDKROOT = iphoneos;
				SWIFT_COMPILATION_MODE = wholemodule;
				SWIFT_OPTIMIZATION_LEVEL = "-O";
				SWIFT_VERSION = 4.0;
				VALIDATE_PRODUCT = YES;
			};
			name = Release;
		};
		FAEDAEFA2AF12228005AC93D /* Debug */ = {
			isa = XCBuildConfiguration;
			buildSettings = {
				ASSETCATALOG_COMPILER_APPICON_NAME = AppIcon;
				ASSETCATALOG_COMPILER_GLOBAL_ACCENT_COLOR_NAME = AccentColor;
				CODE_SIGN_STYLE = Automatic;
				CURRENT_PROJECT_VERSION = 1;
				DEVELOPMENT_TEAM = 6N3JPZKBPF;
				GENERATE_INFOPLIST_FILE = YES;
				INFOPLIST_FILE = Realm/Info.plist;
				INFOPLIST_KEY_UIApplicationSupportsIndirectInputEvents = YES;
				INFOPLIST_KEY_UILaunchStoryboardName = LaunchScreen;
				INFOPLIST_KEY_UIMainStoryboardFile = Main;
				INFOPLIST_KEY_UISupportedInterfaceOrientations_iPad = "UIInterfaceOrientationPortrait UIInterfaceOrientationPortraitUpsideDown UIInterfaceOrientationLandscapeLeft UIInterfaceOrientationLandscapeRight";
				INFOPLIST_KEY_UISupportedInterfaceOrientations_iPhone = "UIInterfaceOrientationPortrait UIInterfaceOrientationLandscapeLeft UIInterfaceOrientationLandscapeRight";
				LD_RUNPATH_SEARCH_PATHS = (
					"$(inherited)",
					"@executable_path/Frameworks",
				);
				MARKETING_VERSION = 1.0;
				PRODUCT_BUNDLE_IDENTIFIER = shved.Realm;
				PRODUCT_NAME = "$(TARGET_NAME)";
				SWIFT_EMIT_LOC_STRINGS = YES;
				SWIFT_VERSION = 5.0;
				TARGETED_DEVICE_FAMILY = "1,2";
			};
			name = Debug;
		};
		FAEDAEFB2AF12228005AC93D /* Release */ = {
			isa = XCBuildConfiguration;
			buildSettings = {
				ASSETCATALOG_COMPILER_APPICON_NAME = AppIcon;
				ASSETCATALOG_COMPILER_GLOBAL_ACCENT_COLOR_NAME = AccentColor;
				CODE_SIGN_STYLE = Automatic;
				CURRENT_PROJECT_VERSION = 1;
				DEVELOPMENT_TEAM = 6N3JPZKBPF;
				GENERATE_INFOPLIST_FILE = YES;
				INFOPLIST_FILE = Realm/Info.plist;
				INFOPLIST_KEY_UIApplicationSupportsIndirectInputEvents = YES;
				INFOPLIST_KEY_UILaunchStoryboardName = LaunchScreen;
				INFOPLIST_KEY_UIMainStoryboardFile = Main;
				INFOPLIST_KEY_UISupportedInterfaceOrientations_iPad = "UIInterfaceOrientationPortrait UIInterfaceOrientationPortraitUpsideDown UIInterfaceOrientationLandscapeLeft UIInterfaceOrientationLandscapeRight";
				INFOPLIST_KEY_UISupportedInterfaceOrientations_iPhone = "UIInterfaceOrientationPortrait UIInterfaceOrientationLandscapeLeft UIInterfaceOrientationLandscapeRight";
				LD_RUNPATH_SEARCH_PATHS = (
					"$(inherited)",
					"@executable_path/Frameworks",
				);
				MARKETING_VERSION = 1.0;
				PRODUCT_BUNDLE_IDENTIFIER = shved.Realm;
				PRODUCT_NAME = "$(TARGET_NAME)";
				SWIFT_EMIT_LOC_STRINGS = YES;
				SWIFT_VERSION = 5.0;
				TARGETED_DEVICE_FAMILY = "1,2";
			};
			name = Release;
		};
/* End XCBuildConfiguration section */

/* Begin XCConfigurationList section */
		FAEDAEE02AF12225005AC93D /* Build configuration list for PBXProject "Realm" */ = {
			isa = XCConfigurationList;
			buildConfigurations = (
				FAEDAEF72AF12228005AC93D /* Debug */,
				FAEDAEF82AF12228005AC93D /* Release */,
			);
			defaultConfigurationIsVisible = 0;
			defaultConfigurationName = Release;
		};
		FAEDAEF92AF12228005AC93D /* Build configuration list for PBXNativeTarget "Realm" */ = {
			isa = XCConfigurationList;
			buildConfigurations = (
				FAEDAEFA2AF12228005AC93D /* Debug */,
				FAEDAEFB2AF12228005AC93D /* Release */,
			);
			defaultConfigurationIsVisible = 0;
			defaultConfigurationName = Release;
		};
/* End XCConfigurationList section */

/* Begin XCRemoteSwiftPackageReference section */
		FAE45C9B2AF1B26E00F96F85 /* XCRemoteSwiftPackageReference "realm-swift" */ = {
			isa = XCRemoteSwiftPackageReference;
			repositoryURL = "https://github.com/realm/realm-swift.git";
			requirement = {
				kind = exactVersion;
				version = 10.39.0;
			};
		};
/* End XCRemoteSwiftPackageReference section */
	};
	rootObject = FAEDAEDD2AF12225005AC93D /* Project object */;
}
